
Microsoft Visual Studio Solution File, Format Version 12.00
# Visual Studio 2012
Project("{FAE04EC0-301F-11D3-BF4B-00C04F79EFBC}") = "Entidades", "Entidades\Entidades.csproj", "{F82EBFE8-DA88-47AB-9EBA-7908F18ECC57}"
EndProject
Project("{FAE04EC0-301F-11D3-BF4B-00C04F79EFBC}") = "MiCalculadora", "MiCalculadora\MiCalculadora.csproj", "{C831BC18-BA1B-405F-A73E-DEC1670D1661}"
EndProject
Global
	GlobalSection(SolutionConfigurationPlatforms) = preSolution
		Debug|Any CPU = Debug|Any CPU
		Release|Any CPU = Release|Any CPU
	EndGlobalSection
	GlobalSection(ProjectConfigurationPlatforms) = postSolution
		{F82EBFE8-DA88-47AB-9EBA-7908F18ECC57}.Debug|Any CPU.ActiveCfg = Debug|Any CPU
		{F82EBFE8-DA88-47AB-9EBA-7908F18ECC57}.Debug|Any CPU.Build.0 = Debug|Any CPU
		{F82EBFE8-DA88-47AB-9EBA-7908F18ECC57}.Release|Any CPU.ActiveCfg = Release|Any CPU
		{F82EBFE8-DA88-47AB-9EBA-7908F18ECC57}.Release|Any CPU.Build.0 = Release|Any CPU
		{C831BC18-BA1B-405F-A73E-DEC1670D1661}.Debug|Any CPU.ActiveCfg = Debug|Any CPU
		{C831BC18-BA1B-405F-A73E-DEC1670D1661}.Debug|Any CPU.Build.0 = Debug|Any CPU
		{C831BC18-BA1B-405F-A73E-DEC1670D1661}.Release|Any CPU.ActiveCfg = Release|Any CPU
		{C831BC18-BA1B-405F-A73E-DEC1670D1661}.Release|Any CPU.Build.0 = Release|Any CPU
	EndGlobalSection
	GlobalSection(SolutionProperties) = preSolution
		HideSolutionNode = FALSE
	EndGlobalSection
EndGlobal
