
Microsoft Visual Studio Solution File, Format Version 12.00
# Visual Studio 2012
Project("{FAE04EC0-301F-11D3-BF4B-00C04F79EFBC}") = "ClasesAbstractas", "ClasesAbstractas\ClasesAbstractas.csproj", "{CDBDC319-9B5C-4EED-B172-A3F1994C510B}"
EndProject
Project("{FAE04EC0-301F-11D3-BF4B-00C04F79EFBC}") = "Archivos", "Archivos\Archivos.csproj", "{AB4DA4CD-53FD-4EC5-B0AA-6FDD8BC01F22}"
EndProject
Project("{FAE04EC0-301F-11D3-BF4B-00C04F79EFBC}") = "ClasesInstanciables", "ClasesInstanciables\ClasesInstanciables.csproj", "{6B652911-49C4-44FF-91BD-7C0E7B6BBC50}"
EndProject
Project("{FAE04EC0-301F-11D3-BF4B-00C04F79EFBC}") = "Excepciones", "Excepciones\Excepciones.csproj", "{B6A92E82-AE99-46B0-BA0E-9409471AFE0B}"
EndProject
Project("{FAE04EC0-301F-11D3-BF4B-00C04F79EFBC}") = "Bednarz.Jorge.2C.TP3", "Bednarz.Jorge.2C.TP3\Bednarz.Jorge.2C.TP3.csproj", "{ED6F0CF9-6BE8-4F03-98FD-DF616B9002D7}"
EndProject
Project("{FAE04EC0-301F-11D3-BF4B-00C04F79EFBC}") = "TestUnitario", "TestUnitario\TestUnitario.csproj", "{42FF2A4C-0833-43BE-920B-2BB8E6CE862C}"
EndProject
Global
	GlobalSection(SolutionConfigurationPlatforms) = preSolution
		Debug|Any CPU = Debug|Any CPU
		Release|Any CPU = Release|Any CPU
	EndGlobalSection
	GlobalSection(ProjectConfigurationPlatforms) = postSolution
		{CDBDC319-9B5C-4EED-B172-A3F1994C510B}.Debug|Any CPU.ActiveCfg = Debug|Any CPU
		{CDBDC319-9B5C-4EED-B172-A3F1994C510B}.Debug|Any CPU.Build.0 = Debug|Any CPU
		{CDBDC319-9B5C-4EED-B172-A3F1994C510B}.Release|Any CPU.ActiveCfg = Release|Any CPU
		{CDBDC319-9B5C-4EED-B172-A3F1994C510B}.Release|Any CPU.Build.0 = Release|Any CPU
		{AB4DA4CD-53FD-4EC5-B0AA-6FDD8BC01F22}.Debug|Any CPU.ActiveCfg = Debug|Any CPU
		{AB4DA4CD-53FD-4EC5-B0AA-6FDD8BC01F22}.Debug|Any CPU.Build.0 = Debug|Any CPU
		{AB4DA4CD-53FD-4EC5-B0AA-6FDD8BC01F22}.Release|Any CPU.ActiveCfg = Release|Any CPU
		{AB4DA4CD-53FD-4EC5-B0AA-6FDD8BC01F22}.Release|Any CPU.Build.0 = Release|Any CPU
		{6B652911-49C4-44FF-91BD-7C0E7B6BBC50}.Debug|Any CPU.ActiveCfg = Debug|Any CPU
		{6B652911-49C4-44FF-91BD-7C0E7B6BBC50}.Debug|Any CPU.Build.0 = Debug|Any CPU
		{6B652911-49C4-44FF-91BD-7C0E7B6BBC50}.Release|Any CPU.ActiveCfg = Release|Any CPU
		{6B652911-49C4-44FF-91BD-7C0E7B6BBC50}.Release|Any CPU.Build.0 = Release|Any CPU
		{B6A92E82-AE99-46B0-BA0E-9409471AFE0B}.Debug|Any CPU.ActiveCfg = Debug|Any CPU
		{B6A92E82-AE99-46B0-BA0E-9409471AFE0B}.Debug|Any CPU.Build.0 = Debug|Any CPU
		{B6A92E82-AE99-46B0-BA0E-9409471AFE0B}.Release|Any CPU.ActiveCfg = Release|Any CPU
		{B6A92E82-AE99-46B0-BA0E-9409471AFE0B}.Release|Any CPU.Build.0 = Release|Any CPU
		{ED6F0CF9-6BE8-4F03-98FD-DF616B9002D7}.Debug|Any CPU.ActiveCfg = Debug|Any CPU
		{ED6F0CF9-6BE8-4F03-98FD-DF616B9002D7}.Debug|Any CPU.Build.0 = Debug|Any CPU
		{ED6F0CF9-6BE8-4F03-98FD-DF616B9002D7}.Release|Any CPU.ActiveCfg = Release|Any CPU
		{ED6F0CF9-6BE8-4F03-98FD-DF616B9002D7}.Release|Any CPU.Build.0 = Release|Any CPU
		{42FF2A4C-0833-43BE-920B-2BB8E6CE862C}.Debug|Any CPU.ActiveCfg = Debug|Any CPU
		{42FF2A4C-0833-43BE-920B-2BB8E6CE862C}.Debug|Any CPU.Build.0 = Debug|Any CPU
		{42FF2A4C-0833-43BE-920B-2BB8E6CE862C}.Release|Any CPU.ActiveCfg = Release|Any CPU
		{42FF2A4C-0833-43BE-920B-2BB8E6CE862C}.Release|Any CPU.Build.0 = Release|Any CPU
	EndGlobalSection
	GlobalSection(SolutionProperties) = preSolution
		HideSolutionNode = FALSE
	EndGlobalSection
EndGlobal
